// !$*UTF8*$!
{
	archiveVersion = 1;
	classes = {
	};
	objectVersion = 46;
	objects = {

/* Begin PBXBuildFile section */
		8A6D5044178C585200585379 /* Foundation.framework in Frameworks */ = {isa = PBXBuildFile; fileRef = 8A6D5043178C585200585379 /* Foundation.framework */; };
		8A6D5053178C58FE00585379 /* JRSwizzle.m in Sources */ = {isa = PBXBuildFile; fileRef = 8A6D5052178C58FE00585379 /* JRSwizzle.m */; };
		8A6D505B178C595F00585379 /* Cocoa.framework in Frameworks */ = {isa = PBXBuildFile; fileRef = 8A6D505A178C595F00585379 /* Cocoa.framework */; };
		8A6D5065178C595F00585379 /* InfoPlist.strings in Resources */ = {isa = PBXBuildFile; fileRef = 8A6D5063178C595F00585379 /* InfoPlist.strings */; };
		8A6D5069178C595F00585379 /* JRSwizzle_OSX.m in Sources */ = {isa = PBXBuildFile; fileRef = 8A6D5068178C595F00585379 /* JRSwizzle_OSX.m */; };
		8A6D506D178C59DD00585379 /* JRSwizzle.h in Headers */ = {isa = PBXBuildFile; fileRef = 8A6D5051178C58FE00585379 /* JRSwizzle.h */; settings = {ATTRIBUTES = (Public, ); }; };
		8A6D506E178C59E100585379 /* JRSwizzle.m in Sources */ = {isa = PBXBuildFile; fileRef = 8A6D5052178C58FE00585379 /* JRSwizzle.m */; };
/* End PBXBuildFile section */

/* Begin PBXCopyFilesBuildPhase section */
		8A6D503E178C585200585379 /* CopyFiles */ = {
			isa = PBXCopyFilesBuildPhase;
			buildActionMask = 2147483647;
			dstPath = "include/${PRODUCT_NAME}";
			dstSubfolderSpec = 16;
			files = (
			);
			runOnlyForDeploymentPostprocessing = 0;
		};
/* End PBXCopyFilesBuildPhase section */

/* Begin PBXFileReference section */
		8A6D5040178C585200585379 /* libJRSwizzle.a */ = {isa = PBXFileReference; explicitFileType = archive.ar; includeInIndex = 0; path = libJRSwizzle.a; sourceTree = BUILT_PRODUCTS_DIR; };
		8A6D5043178C585200585379 /* Foundation.framework */ = {isa = PBXFileReference; lastKnownFileType = wrapper.framework; name = Foundation.framework; path = System/Library/Frameworks/Foundation.framework; sourceTree = SDKROOT; };
		8A6D5047178C585200585379 /* JRSwizzle-Prefix.pch */ = {isa = PBXFileReference; lastKnownFileType = sourcecode.c.h; path = "JRSwizzle-Prefix.pch"; sourceTree = "<group>"; };
		8A6D5051178C58FE00585379 /* JRSwizzle.h */ = {isa = PBXFileReference; fileEncoding = 4; lastKnownFileType = sourcecode.c.h; name = JRSwizzle.h; path = "JRSwizzle Source/JRSwizzle.h"; sourceTree = "<group>"; };
		8A6D5052178C58FE00585379 /* JRSwizzle.m */ = {isa = PBXFileReference; fileEncoding = 4; lastKnownFileType = sourcecode.c.objc; name = JRSwizzle.m; path = "JRSwizzle Source/JRSwizzle.m"; sourceTree = "<group>"; };
		8A6D5059178C595F00585379 /* JRSwizzle.framework */ = {isa = PBXFileReference; explicitFileType = wrapper.framework; includeInIndex = 0; path = JRSwizzle.framework; sourceTree = BUILT_PRODUCTS_DIR; };
		8A6D505A178C595F00585379 /* Cocoa.framework */ = {isa = PBXFileReference; lastKnownFileType = wrapper.framework; name = Cocoa.framework; path = Library/Frameworks/Cocoa.framework; sourceTree = DEVELOPER_DIR; };
		8A6D505D178C595F00585379 /* AppKit.framework */ = {isa = PBXFileReference; lastKnownFileType = wrapper.framework; name = AppKit.framework; path = Library/Frameworks/AppKit.framework; sourceTree = SDKROOT; };
		8A6D505E178C595F00585379 /* CoreData.framework */ = {isa = PBXFileReference; lastKnownFileType = wrapper.framework; name = CoreData.framework; path = Library/Frameworks/CoreData.framework; sourceTree = SDKROOT; };
		8A6D505F178C595F00585379 /* Foundation.framework */ = {isa = PBXFileReference; lastKnownFileType = wrapper.framework; name = Foundation.framework; path = Library/Frameworks/Foundation.framework; sourceTree = SDKROOT; };
		8A6D5062178C595F00585379 /* JRSwizzle-OSX-Info.plist */ = {isa = PBXFileReference; lastKnownFileType = text.plist.xml; path = "JRSwizzle-OSX-Info.plist"; sourceTree = "<group>"; };
		8A6D5064178C595F00585379 /* en */ = {isa = PBXFileReference; lastKnownFileType = text.plist.strings; name = en; path = en.lproj/InfoPlist.strings; sourceTree = "<group>"; };
		8A6D5066178C595F00585379 /* JRSwizzle-OSX-Prefix.pch */ = {isa = PBXFileReference; lastKnownFileType = sourcecode.c.h; path = "JRSwizzle-OSX-Prefix.pch"; sourceTree = "<group>"; };
		8A6D5067178C595F00585379 /* JRSwizzle_OSX.h */ = {isa = PBXFileReference; lastKnownFileType = sourcecode.c.h; path = JRSwizzle_OSX.h; sourceTree = "<group>"; };
		8A6D5068178C595F00585379 /* JRSwizzle_OSX.m */ = {isa = PBXFileReference; lastKnownFileType = sourcecode.c.objc; path = JRSwizzle_OSX.m; sourceTree = "<group>"; };
/* End PBXFileReference section */

/* Begin PBXFrameworksBuildPhase section */
		8A6D503D178C585200585379 /* Frameworks */ = {
			isa = PBXFrameworksBuildPhase;
			buildActionMask = 2147483647;
			files = (
				8A6D5044178C585200585379 /* Foundation.framework in Frameworks */,
			);
			runOnlyForDeploymentPostprocessing = 0;
		};
		8A6D5055178C595F00585379 /* Frameworks */ = {
			isa = PBXFrameworksBuildPhase;
			buildActionMask = 2147483647;
			files = (
				8A6D505B178C595F00585379 /* Cocoa.framework in Frameworks */,
			);
			runOnlyForDeploymentPostprocessing = 0;
		};
/* End PBXFrameworksBuildPhase section */

/* Begin PBXGroup section */
		8A6D5037178C585200585379 = {
			isa = PBXGroup;
			children = (
				8A6D5045178C585200585379 /* JRSwizzle */,
				8A6D5060178C595F00585379 /* JRSwizzle-OSX */,
				8A6D5042178C585200585379 /* Frameworks */,
				8A6D5041178C585200585379 /* Products */,
			);
			sourceTree = "<group>";
		};
		8A6D5041178C585200585379 /* Products */ = {
			isa = PBXGroup;
			children = (
				8A6D5040178C585200585379 /* libJRSwizzle.a */,
				8A6D5059178C595F00585379 /* JRSwizzle.framework */,
			);
			name = Products;
			sourceTree = "<group>";
		};
		8A6D5042178C585200585379 /* Frameworks */ = {
			isa = PBXGroup;
			children = (
				8A6D5043178C585200585379 /* Foundation.framework */,
				8A6D505A178C595F00585379 /* Cocoa.framework */,
				8A6D505C178C595F00585379 /* Other Frameworks */,
			);
			name = Frameworks;
			sourceTree = "<group>";
		};
		8A6D5045178C585200585379 /* JRSwizzle */ = {
			isa = PBXGroup;
			children = (
				8A6D5051178C58FE00585379 /* JRSwizzle.h */,
				8A6D5052178C58FE00585379 /* JRSwizzle.m */,
				8A6D5046178C585200585379 /* Supporting Files */,
			);
			path = JRSwizzle;
			sourceTree = "<group>";
		};
		8A6D5046178C585200585379 /* Supporting Files */ = {
			isa = PBXGroup;
			children = (
				8A6D5047178C585200585379 /* JRSwizzle-Prefix.pch */,
			);
			name = "Supporting Files";
			sourceTree = "<group>";
		};
		8A6D505C178C595F00585379 /* Other Frameworks */ = {
			isa = PBXGroup;
			children = (
				8A6D505D178C595F00585379 /* AppKit.framework */,
				8A6D505E178C595F00585379 /* CoreData.framework */,
				8A6D505F178C595F00585379 /* Foundation.framework */,
			);
			name = "Other Frameworks";
			sourceTree = "<group>";
		};
		8A6D5060178C595F00585379 /* JRSwizzle-OSX */ = {
			isa = PBXGroup;
			children = (
				8A6D5067178C595F00585379 /* JRSwizzle_OSX.h */,
				8A6D5068178C595F00585379 /* JRSwizzle_OSX.m */,
				8A6D5061178C595F00585379 /* Supporting Files */,
			);
			path = "JRSwizzle-OSX";
			sourceTree = "<group>";
		};
		8A6D5061178C595F00585379 /* Supporting Files */ = {
			isa = PBXGroup;
			children = (
				8A6D5062178C595F00585379 /* JRSwizzle-OSX-Info.plist */,
				8A6D5063178C595F00585379 /* InfoPlist.strings */,
				8A6D5066178C595F00585379 /* JRSwizzle-OSX-Prefix.pch */,
			);
			name = "Supporting Files";
			sourceTree = "<group>";
		};
/* End PBXGroup section */

/* Begin PBXHeadersBuildPhase section */
		8A6D5056178C595F00585379 /* Headers */ = {
			isa = PBXHeadersBuildPhase;
			buildActionMask = 2147483647;
			files = (
				8A6D506D178C59DD00585379 /* JRSwizzle.h in Headers */,
			);
			runOnlyForDeploymentPostprocessing = 0;
		};
/* End PBXHeadersBuildPhase section */

/* Begin PBXNativeTarget section */
		8A6D503F178C585200585379 /* JRSwizzle-iOS */ = {
			isa = PBXNativeTarget;
			buildConfigurationList = 8A6D504E178C585200585379 /* Build configuration list for PBXNativeTarget "JRSwizzle-iOS" */;
			buildPhases = (
				8A6D503C178C585200585379 /* Sources */,
				8A6D503D178C585200585379 /* Frameworks */,
				8A6D503E178C585200585379 /* CopyFiles */,
			);
			buildRules = (
			);
			dependencies = (
			);
			name = "JRSwizzle-iOS";
			productName = JRSwizzle;
			productReference = 8A6D5040178C585200585379 /* libJRSwizzle.a */;
			productType = "com.apple.product-type.library.static";
		};
		8A6D5058178C595F00585379 /* JRSwizzle-OSX */ = {
			isa = PBXNativeTarget;
			buildConfigurationList = 8A6D506A178C595F00585379 /* Build configuration list for PBXNativeTarget "JRSwizzle-OSX" */;
			buildPhases = (
				8A6D5054178C595F00585379 /* Sources */,
				8A6D5055178C595F00585379 /* Frameworks */,
				8A6D5056178C595F00585379 /* Headers */,
				8A6D5057178C595F00585379 /* Resources */,
			);
			buildRules = (
			);
			dependencies = (
			);
			name = "JRSwizzle-OSX";
			productName = "JRSwizzle-OSX";
			productReference = 8A6D5059178C595F00585379 /* JRSwizzle.framework */;
			productType = "com.apple.product-type.framework";
		};
/* End PBXNativeTarget section */

/* Begin PBXProject section */
		8A6D5038178C585200585379 /* Project object */ = {
			isa = PBXProject;
			attributes = {
				LastUpgradeCheck = 0460;
				ORGANIZATIONNAME = Goonbee;
			};
			buildConfigurationList = 8A6D503B178C585200585379 /* Build configuration list for PBXProject "JRSwizzle" */;
			compatibilityVersion = "Xcode 3.2";
			developmentRegion = English;
			hasScannedForEncodings = 0;
			knownRegions = (
				en,
			);
			mainGroup = 8A6D5037178C585200585379;
			productRefGroup = 8A6D5041178C585200585379 /* Products */;
			projectDirPath = "";
			projectRoot = "";
			targets = (
				8A6D503F178C585200585379 /* JRSwizzle-iOS */,
				8A6D5058178C595F00585379 /* JRSwizzle-OSX */,
			);
		};
/* End PBXProject section */

/* Begin PBXResourcesBuildPhase section */
		8A6D5057178C595F00585379 /* Resources */ = {
			isa = PBXResourcesBuildPhase;
			buildActionMask = 2147483647;
			files = (
				8A6D5065178C595F00585379 /* InfoPlist.strings in Resources */,
			);
			runOnlyForDeploymentPostprocessing = 0;
		};
/* End PBXResourcesBuildPhase section */

/* Begin PBXSourcesBuildPhase section */
		8A6D503C178C585200585379 /* Sources */ = {
			isa = PBXSourcesBuildPhase;
			buildActionMask = 2147483647;
			files = (
				8A6D5053178C58FE00585379 /* JRSwizzle.m in Sources */,
			);
			runOnlyForDeploymentPostprocessing = 0;
		};
		8A6D5054178C595F00585379 /* Sources */ = {
			isa = PBXSourcesBuildPhase;
			buildActionMask = 2147483647;
			files = (
				8A6D5069178C595F00585379 /* JRSwizzle_OSX.m in Sources */,
				8A6D506E178C59E100585379 /* JRSwizzle.m in Sources */,
			);
			runOnlyForDeploymentPostprocessing = 0;
		};
/* End PBXSourcesBuildPhase section */

/* Begin PBXVariantGroup section */
		8A6D5063178C595F00585379 /* InfoPlist.strings */ = {
			isa = PBXVariantGroup;
			children = (
				8A6D5064178C595F00585379 /* en */,
			);
			name = InfoPlist.strings;
			sourceTree = "<group>";
		};
/* End PBXVariantGroup section */

/* Begin XCBuildConfiguration section */
		8A6D504C178C585200585379 /* Debug */ = {
			isa = XCBuildConfiguration;
			buildSettings = {
				ALWAYS_SEARCH_USER_PATHS = NO;
				CLANG_CXX_LANGUAGE_STANDARD = "gnu++0x";
				CLANG_CXX_LIBRARY = "libc++";
				CLANG_ENABLE_OBJC_ARC = YES;
				CLANG_WARN_CONSTANT_CONVERSION = YES;
				CLANG_WARN_EMPTY_BODY = YES;
				CLANG_WARN_ENUM_CONVERSION = YES;
				CLANG_WARN_INT_CONVERSION = YES;
				CLANG_WARN__DUPLICATE_METHOD_MATCH = YES;
				COPY_PHASE_STRIP = NO;
				GCC_C_LANGUAGE_STANDARD = gnu99;
				GCC_DYNAMIC_NO_PIC = NO;
				GCC_OPTIMIZATION_LEVEL = 0;
				GCC_PREPROCESSOR_DEFINITIONS = (
					"DEBUG=1",
					"$(inherited)",
				);
				GCC_SYMBOLS_PRIVATE_EXTERN = NO;
				GCC_WARN_ABOUT_RETURN_TYPE = YES;
				GCC_WARN_UNINITIALIZED_AUTOS = YES;
				GCC_WARN_UNUSED_VARIABLE = YES;
				IPHONEOS_DEPLOYMENT_TARGET = 5.0;
				MACOSX_DEPLOYMENT_TARGET = 10.6;
				ONLY_ACTIVE_ARCH = YES;
				SDKROOT = iphoneos;
			};
			name = Debug;
		};
		8A6D504D178C585200585379 /* Release */ = {
			isa = XCBuildConfiguration;
			buildSettings = {
				ALWAYS_SEARCH_USER_PATHS = NO;
				CLANG_CXX_LANGUAGE_STANDARD = "gnu++0x";
				CLANG_CXX_LIBRARY = "libc++";
				CLANG_ENABLE_OBJC_ARC = YES;
				CLANG_WARN_CONSTANT_CONVERSION = YES;
				CLANG_WARN_EMPTY_BODY = YES;
				CLANG_WARN_ENUM_CONVERSION = YES;
				CLANG_WARN_INT_CONVERSION = YES;
				CLANG_WARN__DUPLICATE_METHOD_MATCH = YES;
				COPY_PHASE_STRIP = YES;
				GCC_C_LANGUAGE_STANDARD = gnu99;
				GCC_WARN_ABOUT_RETURN_TYPE = YES;
				GCC_WARN_UNINITIALIZED_AUTOS = YES;
				GCC_WARN_UNUSED_VARIABLE = YES;
				IPHONEOS_DEPLOYMENT_TARGET = 5.0;
				MACOSX_DEPLOYMENT_TARGET = 10.6;
				SDKROOT = iphoneos;
				VALIDATE_PRODUCT = YES;
			};
			name = Release;
		};
		8A6D504F178C585200585379 /* Debug */ = {
			isa = XCBuildConfiguration;
			buildSettings = {
				DSTROOT = /tmp/JRSwizzle.dst;
				GCC_PRECOMPILE_PREFIX_HEADER = YES;
				GCC_PREFIX_HEADER = "JRSwizzle/JRSwizzle-Prefix.pch";
				OTHER_LDFLAGS = "-ObjC";
				PRODUCT_NAME = JRSwizzle;
				SKIP_INSTALL = YES;
			};
			name = Debug;
		};
		8A6D5050178C585200585379 /* Release */ = {
			isa = XCBuildConfiguration;
			buildSettings = {
				DSTROOT = /tmp/JRSwizzle.dst;
				GCC_PRECOMPILE_PREFIX_HEADER = YES;
				GCC_PREFIX_HEADER = "JRSwizzle/JRSwizzle-Prefix.pch";
				OTHER_LDFLAGS = "-ObjC";
				PRODUCT_NAME = JRSwizzle;
				SKIP_INSTALL = YES;
			};
			name = Release;
		};
		8A6D506B178C595F00585379 /* Debug */ = {
			isa = XCBuildConfiguration;
			buildSettings = {
				ARCHS = "$(ARCHS_STANDARD_64_BIT)";
				COMBINE_HIDPI_IMAGES = YES;
				DYLIB_COMPATIBILITY_VERSION = 1;
				DYLIB_CURRENT_VERSION = 1;
				FRAMEWORK_SEARCH_PATHS = (
					"$(inherited)",
					"\"$(SYSTEM_APPS_DIR)/Xcode.app/Contents/Developer/Library/Frameworks\"",
				);
				FRAMEWORK_VERSION = A;
				GCC_ENABLE_OBJC_EXCEPTIONS = YES;
				GCC_PRECOMPILE_PREFIX_HEADER = YES;
				GCC_PREFIX_HEADER = "JRSwizzle-OSX/JRSwizzle-OSX-Prefix.pch";
				GCC_WARN_64_TO_32_BIT_CONVERSION = YES;
				INFOPLIST_FILE = "JRSwizzle-OSX/JRSwizzle-OSX-Info.plist";
				INSTALL_PATH = "@executable_path/../Frameworks";
				PRODUCT_NAME = JRSwizzle;
				SDKROOT = macosx;
				WRAPPER_EXTENSION = framework;
			};
			name = Debug;
		};
		8A6D506C178C595F00585379 /* Release */ = {
			isa = XCBuildConfiguration;
			buildSettings = {
				ARCHS = "$(ARCHS_STANDARD_64_BIT)";
				COMBINE_HIDPI_IMAGES = YES;
				DEBUG_INFORMATION_FORMAT = "dwarf-with-dsym";
				DYLIB_COMPATIBILITY_VERSION = 1;
				DYLIB_CURRENT_VERSION = 1;
				FRAMEWORK_SEARCH_PATHS = (
					"$(inherited)",
					"\"$(SYSTEM_APPS_DIR)/Xcode.app/Contents/Developer/Library/Frameworks\"",
				);
				FRAMEWORK_VERSION = A;
				GCC_ENABLE_OBJC_EXCEPTIONS = YES;
				GCC_PRECOMPILE_PREFIX_HEADER = YES;
				GCC_PREFIX_HEADER = "JRSwizzle-OSX/JRSwizzle-OSX-Prefix.pch";
				GCC_WARN_64_TO_32_BIT_CONVERSION = YES;
				INFOPLIST_FILE = "JRSwizzle-OSX/JRSwizzle-OSX-Info.plist";
				INSTALL_PATH = "@executable_path/../Frameworks";
				PRODUCT_NAME = JRSwizzle;
				SDKROOT = macosx;
				WRAPPER_EXTENSION = framework;
			};
			name = Release;
		};
/* End XCBuildConfiguration section */

/* Begin XCConfigurationList section */
		8A6D503B178C585200585379 /* Build configuration list for PBXProject "JRSwizzle" */ = {
			isa = XCConfigurationList;
			buildConfigurations = (
				8A6D504C178C585200585379 /* Debug */,
				8A6D504D178C585200585379 /* Release */,
			);
			defaultConfigurationIsVisible = 0;
			defaultConfigurationName = Release;
		};
		8A6D504E178C585200585379 /* Build configuration list for PBXNativeTarget "JRSwizzle-iOS" */ = {
			isa = XCConfigurationList;
			buildConfigurations = (
				8A6D504F178C585200585379 /* Debug */,
				8A6D5050178C585200585379 /* Release */,
			);
			defaultConfigurationIsVisible = 0;
		};
		8A6D506A178C595F00585379 /* Build configuration list for PBXNativeTarget "JRSwizzle-OSX" */ = {
			isa = XCConfigurationList;
			buildConfigurations = (
				8A6D506B178C595F00585379 /* Debug */,
				8A6D506C178C595F00585379 /* Release */,
			);
			defaultConfigurationIsVisible = 0;
		};
/* End XCConfigurationList section */
	};
	rootObject = 8A6D5038178C585200585379 /* Project object */;
}
